<?xml version="1.0" encoding="utf-8"?>
<Project ToolsVersion="4.0" xmlns="http://schemas.microsoft.com/developer/msbuild/2003">
  <ItemGroup>
    <ClCompile Include="Communicator.cpp" />
    <ClCompile Include="Helper.cpp" />
    <ClCompile Include="IRequestHandler.cpp" />
    <ClCompile Include="JsonResponsePacketSerializer.cpp" />
    <ClCompile Include="JsonRequestPacketDeserializer.cpp" />
    <ClCompile Include="LoginRequestHandler.cpp" />
    <ClCompile Include="Response.cpp" />
    <ClCompile Include="Server.cpp" />
    <ClCompile Include="Source.cpp" />
    <ClCompile Include="WSAInitializer.cpp" />
    <ClCompile Include="sqlite3.c" />
    <ClCompile Include="SqliteDatabase.cpp" />
    <ClCompile Include="RequestHandlerFactory.cpp" />
  </ItemGroup>
  <ItemGroup>
    <ClInclude Include="Communicator.h" />
    <ClInclude Include="Helper.h" />
    <ClInclude Include="IRequestHandler.h" />
    <ClInclude Include="json.hpp" />
    <ClInclude Include="JsonResponsePacketSerializer.h" />
    <ClInclude Include="JsonRequestPacketDeserializer.h" />
    <ClInclude Include="LoginRequestHandler.h" />
    <ClInclude Include="Response.h" />
    <ClInclude Include="Server.h" />
    <ClInclude Include="WSAInitializer.h" />
    <ClInclude Include="IDatabase.h" />
    <ClInclude Include="SqliteDatabase.h" />
    <ClInclude Include="sqlite3.h" />
    <ClInclude Include="RequestHandlerFactory.h" />
  </ItemGroup>
</Project>